
Microsoft Visual Studio Solution File, Format Version 12.00
# Visual Studio Version 16
VisualStudioVersion = 16.0.30413.136
MinimumVisualStudioVersion = 10.0.40219.1
Project("{9A19103F-16F7-4668-BE54-9A1E7A4F7556}") = "classwork", "classwork\classwork.csproj", "{DA3F596F-4860-48B4-8202-DFA949F00196}"
EndProject
Project("{FAE04EC0-301F-11D3-BF4B-00C04F79EFBC}") = "Task01", "Task01\Task01.csproj", "{CD909112-C30F-47B6-8030-339967D9D86F}"
EndProject
Global
	GlobalSection(SolutionConfigurationPlatforms) = preSolution
		Debug|Any CPU = Debug|Any CPU
		Release|Any CPU = Release|Any CPU
	EndGlobalSection
	GlobalSection(ProjectConfigurationPlatforms) = postSolution
		{DA3F596F-4860-48B4-8202-DFA949F00196}.Debug|Any CPU.ActiveCfg = Debug|Any CPU
		{DA3F596F-4860-48B4-8202-DFA949F00196}.Debug|Any CPU.Build.0 = Debug|Any CPU
		{DA3F596F-4860-48B4-8202-DFA949F00196}.Release|Any CPU.ActiveCfg = Release|Any CPU
		{DA3F596F-4860-48B4-8202-DFA949F00196}.Release|Any CPU.Build.0 = Release|Any CPU
		{CD909112-C30F-47B6-8030-339967D9D86F}.Debug|Any CPU.ActiveCfg = Debug|Any CPU
		{CD909112-C30F-47B6-8030-339967D9D86F}.Debug|Any CPU.Build.0 = Debug|Any CPU
		{CD909112-C30F-47B6-8030-339967D9D86F}.Release|Any CPU.ActiveCfg = Release|Any CPU
		{CD909112-C30F-47B6-8030-339967D9D86F}.Release|Any CPU.Build.0 = Release|Any CPU
	EndGlobalSection
	GlobalSection(SolutionProperties) = preSolution
		HideSolutionNode = FALSE
	EndGlobalSection
	GlobalSection(ExtensibilityGlobals) = postSolution
		SolutionGuid = {EC8F5C4A-5F72-4EF2-A798-16B830ACCF2C}
	EndGlobalSection
EndGlobal
