
Microsoft Visual Studio Solution File, Format Version 12.00
# Visual Studio Version 16
VisualStudioVersion = 16.0.30413.136
MinimumVisualStudioVersion = 10.0.40219.1
Project("{FAE04EC0-301F-11D3-BF4B-00C04F79EFBC}") = "Test", "Test\Test.csproj", "{C544A3C2-7E52-425D-A3CE-427AC2FD0FE9}"
EndProject
Global
	GlobalSection(SolutionConfigurationPlatforms) = preSolution
		Debug|Any CPU = Debug|Any CPU
		Release|Any CPU = Release|Any CPU
	EndGlobalSection
	GlobalSection(ProjectConfigurationPlatforms) = postSolution
		{C544A3C2-7E52-425D-A3CE-427AC2FD0FE9}.Debug|Any CPU.ActiveCfg = Debug|Any CPU
		{C544A3C2-7E52-425D-A3CE-427AC2FD0FE9}.Debug|Any CPU.Build.0 = Debug|Any CPU
		{C544A3C2-7E52-425D-A3CE-427AC2FD0FE9}.Release|Any CPU.ActiveCfg = Release|Any CPU
		{C544A3C2-7E52-425D-A3CE-427AC2FD0FE9}.Release|Any CPU.Build.0 = Release|Any CPU
	EndGlobalSection
	GlobalSection(SolutionProperties) = preSolution
		HideSolutionNode = FALSE
	EndGlobalSection
	GlobalSection(ExtensibilityGlobals) = postSolution
		SolutionGuid = {B5FCE231-22C2-4592-9653-BECD913CAF4B}
	EndGlobalSection
EndGlobal
