
Microsoft Visual Studio Solution File, Format Version 12.00
# Visual Studio Version 16
VisualStudioVersion = 16.0.31105.61
MinimumVisualStudioVersion = 10.0.40219.1
Project("{FAE04EC0-301F-11D3-BF4B-00C04F79EFBC}") = "WebApplication2", "WebApplication2\WebApplication2.csproj", "{DE3BCE3F-A4D6-4330-9671-CB41672D80EE}"
EndProject
Global
	GlobalSection(SolutionConfigurationPlatforms) = preSolution
		Debug|Any CPU = Debug|Any CPU
		Release|Any CPU = Release|Any CPU
	EndGlobalSection
	GlobalSection(ProjectConfigurationPlatforms) = postSolution
		{DE3BCE3F-A4D6-4330-9671-CB41672D80EE}.Debug|Any CPU.ActiveCfg = Debug|Any CPU
		{DE3BCE3F-A4D6-4330-9671-CB41672D80EE}.Debug|Any CPU.Build.0 = Debug|Any CPU
		{DE3BCE3F-A4D6-4330-9671-CB41672D80EE}.Release|Any CPU.ActiveCfg = Release|Any CPU
		{DE3BCE3F-A4D6-4330-9671-CB41672D80EE}.Release|Any CPU.Build.0 = Release|Any CPU
	EndGlobalSection
	GlobalSection(SolutionProperties) = preSolution
		HideSolutionNode = FALSE
	EndGlobalSection
	GlobalSection(ExtensibilityGlobals) = postSolution
		SolutionGuid = {5A269DFE-CE80-4F22-BC66-3DD5D51F6748}
	EndGlobalSection
EndGlobal
