
Microsoft Visual Studio Solution File, Format Version 12.00
# Visual Studio Version 16
VisualStudioVersion = 16.0.31229.75
MinimumVisualStudioVersion = 10.0.40219.1
Project("{FAE04EC0-301F-11D3-BF4B-00C04F79EFBC}") = "homework", "homework\homework.csproj", "{453787FA-6014-4747-BFC9-1AC210F7E1C0}"
EndProject
Global
	GlobalSection(SolutionConfigurationPlatforms) = preSolution
		Debug|Any CPU = Debug|Any CPU
		Release|Any CPU = Release|Any CPU
	EndGlobalSection
	GlobalSection(ProjectConfigurationPlatforms) = postSolution
		{453787FA-6014-4747-BFC9-1AC210F7E1C0}.Debug|Any CPU.ActiveCfg = Debug|Any CPU
		{453787FA-6014-4747-BFC9-1AC210F7E1C0}.Debug|Any CPU.Build.0 = Debug|Any CPU
		{453787FA-6014-4747-BFC9-1AC210F7E1C0}.Release|Any CPU.ActiveCfg = Release|Any CPU
		{453787FA-6014-4747-BFC9-1AC210F7E1C0}.Release|Any CPU.Build.0 = Release|Any CPU
	EndGlobalSection
	GlobalSection(SolutionProperties) = preSolution
		HideSolutionNode = FALSE
	EndGlobalSection
	GlobalSection(ExtensibilityGlobals) = postSolution
		SolutionGuid = {B892DDF1-5076-40A8-BD54-9C02F9E88D2B}
	EndGlobalSection
EndGlobal
