
Microsoft Visual Studio Solution File, Format Version 12.00
# Visual Studio Version 16
VisualStudioVersion = 16.0.30717.126
MinimumVisualStudioVersion = 10.0.40219.1
Project("{FAE04EC0-301F-11D3-BF4B-00C04F79EFBC}") = "Classwork", "Classwork\Classwork.csproj", "{DF845D5A-6E9E-4616-B061-7B92457AC414}"
EndProject
Project("{FAE04EC0-301F-11D3-BF4B-00C04F79EFBC}") = "Task01", "Task01\Task01.csproj", "{C07959CB-D5EE-4C95-A839-596B7089BF5A}"
EndProject
Global
	GlobalSection(SolutionConfigurationPlatforms) = preSolution
		Debug|Any CPU = Debug|Any CPU
		Release|Any CPU = Release|Any CPU
	EndGlobalSection
	GlobalSection(ProjectConfigurationPlatforms) = postSolution
		{DF845D5A-6E9E-4616-B061-7B92457AC414}.Debug|Any CPU.ActiveCfg = Debug|Any CPU
		{DF845D5A-6E9E-4616-B061-7B92457AC414}.Debug|Any CPU.Build.0 = Debug|Any CPU
		{DF845D5A-6E9E-4616-B061-7B92457AC414}.Release|Any CPU.ActiveCfg = Release|Any CPU
		{DF845D5A-6E9E-4616-B061-7B92457AC414}.Release|Any CPU.Build.0 = Release|Any CPU
		{C07959CB-D5EE-4C95-A839-596B7089BF5A}.Debug|Any CPU.ActiveCfg = Debug|Any CPU
		{C07959CB-D5EE-4C95-A839-596B7089BF5A}.Debug|Any CPU.Build.0 = Debug|Any CPU
		{C07959CB-D5EE-4C95-A839-596B7089BF5A}.Release|Any CPU.ActiveCfg = Release|Any CPU
		{C07959CB-D5EE-4C95-A839-596B7089BF5A}.Release|Any CPU.Build.0 = Release|Any CPU
	EndGlobalSection
	GlobalSection(SolutionProperties) = preSolution
		HideSolutionNode = FALSE
	EndGlobalSection
	GlobalSection(ExtensibilityGlobals) = postSolution
		SolutionGuid = {4E902EB8-003F-471E-ADC1-D82A620002EC}
	EndGlobalSection
EndGlobal
