
Microsoft Visual Studio Solution File, Format Version 12.00
# Visual Studio Version 16
VisualStudioVersion = 16.0.30907.101
MinimumVisualStudioVersion = 10.0.40219.1
Project("{FAE04EC0-301F-11D3-BF4B-00C04F79EFBC}") = "Task01", "classwork\Task01.csproj", "{20C7B676-5644-4CB4-B466-A0CA22814E0C}"
EndProject
Project("{FAE04EC0-301F-11D3-BF4B-00C04F79EFBC}") = "Task02", "Task02\Task02.csproj", "{AB914090-3D4F-435A-9472-479917DA007F}"
EndProject
Global
	GlobalSection(SolutionConfigurationPlatforms) = preSolution
		Debug|Any CPU = Debug|Any CPU
		Release|Any CPU = Release|Any CPU
	EndGlobalSection
	GlobalSection(ProjectConfigurationPlatforms) = postSolution
		{20C7B676-5644-4CB4-B466-A0CA22814E0C}.Debug|Any CPU.ActiveCfg = Debug|Any CPU
		{20C7B676-5644-4CB4-B466-A0CA22814E0C}.Debug|Any CPU.Build.0 = Debug|Any CPU
		{20C7B676-5644-4CB4-B466-A0CA22814E0C}.Release|Any CPU.ActiveCfg = Release|Any CPU
		{20C7B676-5644-4CB4-B466-A0CA22814E0C}.Release|Any CPU.Build.0 = Release|Any CPU
		{AB914090-3D4F-435A-9472-479917DA007F}.Debug|Any CPU.ActiveCfg = Debug|Any CPU
		{AB914090-3D4F-435A-9472-479917DA007F}.Debug|Any CPU.Build.0 = Debug|Any CPU
		{AB914090-3D4F-435A-9472-479917DA007F}.Release|Any CPU.ActiveCfg = Release|Any CPU
		{AB914090-3D4F-435A-9472-479917DA007F}.Release|Any CPU.Build.0 = Release|Any CPU
	EndGlobalSection
	GlobalSection(SolutionProperties) = preSolution
		HideSolutionNode = FALSE
	EndGlobalSection
	GlobalSection(ExtensibilityGlobals) = postSolution
		SolutionGuid = {FB9CF89B-B875-43CC-8C2D-39B12665CD91}
	EndGlobalSection
EndGlobal
