
Microsoft Visual Studio Solution File, Format Version 12.00
# Visual Studio Version 16
VisualStudioVersion = 16.0.30413.136
MinimumVisualStudioVersion = 10.0.40219.1
Project("{FAE04EC0-301F-11D3-BF4B-00C04F79EFBC}") = "Classwork", "Classwork\Classwork.csproj", "{5B0A82E2-E1A8-4F88-9764-F6CA2B9D2821}"
EndProject
Project("{FAE04EC0-301F-11D3-BF4B-00C04F79EFBC}") = "LatinSybols", "LatinSybols\LatinSybols.csproj", "{BF6724C9-DFDB-436C-AE67-937DC51B752D}"
EndProject
Project("{FAE04EC0-301F-11D3-BF4B-00C04F79EFBC}") = "Task_02", "Task_02\Task_02.csproj", "{9657FE32-DBA6-4D8B-B0F4-22EC2F23CE63}"
EndProject
Global
	GlobalSection(SolutionConfigurationPlatforms) = preSolution
		Debug|Any CPU = Debug|Any CPU
		Release|Any CPU = Release|Any CPU
	EndGlobalSection
	GlobalSection(ProjectConfigurationPlatforms) = postSolution
		{5B0A82E2-E1A8-4F88-9764-F6CA2B9D2821}.Debug|Any CPU.ActiveCfg = Debug|Any CPU
		{5B0A82E2-E1A8-4F88-9764-F6CA2B9D2821}.Debug|Any CPU.Build.0 = Debug|Any CPU
		{5B0A82E2-E1A8-4F88-9764-F6CA2B9D2821}.Release|Any CPU.ActiveCfg = Release|Any CPU
		{5B0A82E2-E1A8-4F88-9764-F6CA2B9D2821}.Release|Any CPU.Build.0 = Release|Any CPU
		{BF6724C9-DFDB-436C-AE67-937DC51B752D}.Debug|Any CPU.ActiveCfg = Debug|Any CPU
		{BF6724C9-DFDB-436C-AE67-937DC51B752D}.Debug|Any CPU.Build.0 = Debug|Any CPU
		{BF6724C9-DFDB-436C-AE67-937DC51B752D}.Release|Any CPU.ActiveCfg = Release|Any CPU
		{BF6724C9-DFDB-436C-AE67-937DC51B752D}.Release|Any CPU.Build.0 = Release|Any CPU
		{9657FE32-DBA6-4D8B-B0F4-22EC2F23CE63}.Debug|Any CPU.ActiveCfg = Debug|Any CPU
		{9657FE32-DBA6-4D8B-B0F4-22EC2F23CE63}.Debug|Any CPU.Build.0 = Debug|Any CPU
		{9657FE32-DBA6-4D8B-B0F4-22EC2F23CE63}.Release|Any CPU.ActiveCfg = Release|Any CPU
		{9657FE32-DBA6-4D8B-B0F4-22EC2F23CE63}.Release|Any CPU.Build.0 = Release|Any CPU
	EndGlobalSection
	GlobalSection(SolutionProperties) = preSolution
		HideSolutionNode = FALSE
	EndGlobalSection
	GlobalSection(ExtensibilityGlobals) = postSolution
		SolutionGuid = {9A78D7B7-1ABF-4D25-972D-E635ADF098F9}
	EndGlobalSection
EndGlobal
