
Microsoft Visual Studio Solution File, Format Version 12.00
# Visual Studio Version 16
VisualStudioVersion = 16.0.30413.136
MinimumVisualStudioVersion = 10.0.40219.1
Project("{FAE04EC0-301F-11D3-BF4B-00C04F79EFBC}") = "classwork", "classwork\classwork.csproj", "{C132E528-6A02-4E83-8664-A0884448C868}"
EndProject
Global
	GlobalSection(SolutionConfigurationPlatforms) = preSolution
		Debug|Any CPU = Debug|Any CPU
		Release|Any CPU = Release|Any CPU
	EndGlobalSection
	GlobalSection(ProjectConfigurationPlatforms) = postSolution
		{C132E528-6A02-4E83-8664-A0884448C868}.Debug|Any CPU.ActiveCfg = Debug|Any CPU
		{C132E528-6A02-4E83-8664-A0884448C868}.Debug|Any CPU.Build.0 = Debug|Any CPU
		{C132E528-6A02-4E83-8664-A0884448C868}.Release|Any CPU.ActiveCfg = Release|Any CPU
		{C132E528-6A02-4E83-8664-A0884448C868}.Release|Any CPU.Build.0 = Release|Any CPU
	EndGlobalSection
	GlobalSection(SolutionProperties) = preSolution
		HideSolutionNode = FALSE
	EndGlobalSection
	GlobalSection(ExtensibilityGlobals) = postSolution
		SolutionGuid = {5595B160-08E8-4157-B375-007B8461AB80}
	EndGlobalSection
EndGlobal
