
Microsoft Visual Studio Solution File, Format Version 12.00
# Visual Studio Version 16
VisualStudioVersion = 16.0.30717.126
MinimumVisualStudioVersion = 10.0.40219.1
Project("{FAE04EC0-301F-11D3-BF4B-00C04F79EFBC}") = "classwork", "classwork\classwork.csproj", "{64B4BAAA-E313-4E33-AF3C-C9CFFD711CD9}"
EndProject
Global
	GlobalSection(SolutionConfigurationPlatforms) = preSolution
		Debug|Any CPU = Debug|Any CPU
		Release|Any CPU = Release|Any CPU
	EndGlobalSection
	GlobalSection(ProjectConfigurationPlatforms) = postSolution
		{64B4BAAA-E313-4E33-AF3C-C9CFFD711CD9}.Debug|Any CPU.ActiveCfg = Debug|Any CPU
		{64B4BAAA-E313-4E33-AF3C-C9CFFD711CD9}.Debug|Any CPU.Build.0 = Debug|Any CPU
		{64B4BAAA-E313-4E33-AF3C-C9CFFD711CD9}.Release|Any CPU.ActiveCfg = Release|Any CPU
		{64B4BAAA-E313-4E33-AF3C-C9CFFD711CD9}.Release|Any CPU.Build.0 = Release|Any CPU
	EndGlobalSection
	GlobalSection(SolutionProperties) = preSolution
		HideSolutionNode = FALSE
	EndGlobalSection
	GlobalSection(ExtensibilityGlobals) = postSolution
		SolutionGuid = {BF96A272-5768-4E8C-A36B-703F3A919F14}
	EndGlobalSection
EndGlobal
